
Microsoft Visual Studio Solution File, Format Version 12.00
# Visual Studio Version 16
VisualStudioVersion = 16.0.29001.49
MinimumVisualStudioVersion = 10.0.40219.1
Project("{FAE04EC0-301F-11D3-BF4B-00C04F79EFBC}") = "Reproductor de Audio con lyrics", "Reproductor de Audio con lyrics\Reproductor de Audio con lyrics.csproj", "{D42B3E07-9BB0-40E9-AB6E-D064DBB51080}"
EndProject
Global
	GlobalSection(SolutionConfigurationPlatforms) = preSolution
		Debug|Any CPU = Debug|Any CPU
		Release|Any CPU = Release|Any CPU
	EndGlobalSection
	GlobalSection(ProjectConfigurationPlatforms) = postSolution
		{D42B3E07-9BB0-40E9-AB6E-D064DBB51080}.Debug|Any CPU.ActiveCfg = Debug|Any CPU
		{D42B3E07-9BB0-40E9-AB6E-D064DBB51080}.Debug|Any CPU.Build.0 = Debug|Any CPU
		{D42B3E07-9BB0-40E9-AB6E-D064DBB51080}.Release|Any CPU.ActiveCfg = Release|Any CPU
		{D42B3E07-9BB0-40E9-AB6E-D064DBB51080}.Release|Any CPU.Build.0 = Release|Any CPU
	EndGlobalSection
	GlobalSection(SolutionProperties) = preSolution
		HideSolutionNode = FALSE
	EndGlobalSection
	GlobalSection(ExtensibilityGlobals) = postSolution
		SolutionGuid = {E3C4FCE2-3AB1-44CB-BBE9-A669B5B84756}
	EndGlobalSection
EndGlobal
